// !$*UTF8*$!
{
	archiveVersion = 1;
	classes = {
	};
	objectVersion = 50;
	objects = {

/* Begin PBXBuildFile section */
		F388E17B269BDB9E00EA8B9D /* MultipleProductsSPMExampleTests.swift in Sources */ = {isa = PBXBuildFile; fileRef = F388E17A269BDB9E00EA8B9D /* MultipleProductsSPMExampleTests.swift */; };
		F388E186269BDB9E00EA8B9D /* MultipleProductsSPMExampleUITests.swift in Sources */ = {isa = PBXBuildFile; fileRef = F388E185269BDB9E00EA8B9D /* MultipleProductsSPMExampleUITests.swift */; };
		F388E1BD269BDD0800EA8B9D /* ViewController.swift in Sources */ = {isa = PBXBuildFile; fileRef = F388E1AF269BDD0800EA8B9D /* ViewController.swift */; };
		F388E1BE269BDD0800EA8B9D /* LaunchScreen.storyboard in Resources */ = {isa = PBXBuildFile; fileRef = F388E1B1269BDD0800EA8B9D /* LaunchScreen.storyboard */; };
		F388E1BF269BDD0800EA8B9D /* Assets.xcassets in Resources */ = {isa = PBXBuildFile; fileRef = F388E1B3269BDD0800EA8B9D /* Assets.xcassets */; };
		F388E1C0269BDD0800EA8B9D /* Main.storyboard in Resources */ = {isa = PBXBuildFile; fileRef = F388E1B5269BDD0800EA8B9D /* Main.storyboard */; };
		F388E1C1269BDD0800EA8B9D /* AppDelegate.swift in Sources */ = {isa = PBXBuildFile; fileRef = F388E1B7269BDD0800EA8B9D /* AppDelegate.swift */; };
		F388E1C2269BDD0800EA8B9D /* Info.plist in Resources */ = {isa = PBXBuildFile; fileRef = F388E1B9269BDD0800EA8B9D /* Info.plist */; };
		F388E1C3269BDD0800EA8B9D /* SceneDelegate.swift in Sources */ = {isa = PBXBuildFile; fileRef = F388E1BB269BDD0800EA8B9D /* SceneDelegate.swift */; };
/* End PBXBuildFile section */

/* Begin PBXContainerItemProxy section */
		F388E177269BDB9E00EA8B9D /* PBXContainerItemProxy */ = {
			isa = PBXContainerItemProxy;
			containerPortal = F388E158269BDB9D00EA8B9D /* Project object */;
			proxyType = 1;
			remoteGlobalIDString = F388E15F269BDB9D00EA8B9D;
			remoteInfo = MultipleProductsSPMExample;
		};
		F388E182269BDB9E00EA8B9D /* PBXContainerItemProxy */ = {
			isa = PBXContainerItemProxy;
			containerPortal = F388E158269BDB9D00EA8B9D /* Project object */;
			proxyType = 1;
			remoteGlobalIDString = F388E15F269BDB9D00EA8B9D;
			remoteInfo = MultipleProductsSPMExample;
		};
/* End PBXContainerItemProxy section */

/* Begin PBXFileReference section */
		F388E160269BDB9D00EA8B9D /* MultipleProductsSPMExample.app */ = {isa = PBXFileReference; explicitFileType = wrapper.application; includeInIndex = 0; path = MultipleProductsSPMExample.app; sourceTree = BUILT_PRODUCTS_DIR; };
		F388E176269BDB9E00EA8B9D /* MultipleProductsSPMExampleTests.xctest */ = {isa = PBXFileReference; explicitFileType = wrapper.cfbundle; includeInIndex = 0; path = MultipleProductsSPMExampleTests.xctest; sourceTree = BUILT_PRODUCTS_DIR; };
		F388E17A269BDB9E00EA8B9D /* MultipleProductsSPMExampleTests.swift */ = {isa = PBXFileReference; lastKnownFileType = sourcecode.swift; path = MultipleProductsSPMExampleTests.swift; sourceTree = "<group>"; };
		F388E17C269BDB9E00EA8B9D /* Info.plist */ = {isa = PBXFileReference; lastKnownFileType = text.plist.xml; path = Info.plist; sourceTree = "<group>"; };
		F388E181269BDB9E00EA8B9D /* MultipleProductsSPMExampleUITests.xctest */ = {isa = PBXFileReference; explicitFileType = wrapper.cfbundle; includeInIndex = 0; path = MultipleProductsSPMExampleUITests.xctest; sourceTree = BUILT_PRODUCTS_DIR; };
		F388E185269BDB9E00EA8B9D /* MultipleProductsSPMExampleUITests.swift */ = {isa = PBXFileReference; lastKnownFileType = sourcecode.swift; path = MultipleProductsSPMExampleUITests.swift; sourceTree = "<group>"; };
		F388E187269BDB9E00EA8B9D /* Info.plist */ = {isa = PBXFileReference; lastKnownFileType = text.plist.xml; path = Info.plist; sourceTree = "<group>"; };
		F388E1B0269BDD0800EA8B9D /* Base */ = {isa = PBXFileReference; lastKnownFileType = sourcecode.swift; name = Base; path = Base.lproj/ViewController.swift; sourceTree = "<group>"; };
		F388E1B2269BDD0800EA8B9D /* Base */ = {isa = PBXFileReference; lastKnownFileType = file.storyboard; name = Base; path = Base.lproj/LaunchScreen.storyboard; sourceTree = "<group>"; };
		F388E1B4269BDD0800EA8B9D /* Base */ = {isa = PBXFileReference; lastKnownFileType = folder.assetcatalog; name = Base; path = Base.lproj/Assets.xcassets; sourceTree = "<group>"; };
		F388E1B6269BDD0800EA8B9D /* Base */ = {isa = PBXFileReference; lastKnownFileType = file.storyboard; name = Base; path = Base.lproj/Main.storyboard; sourceTree = "<group>"; };
		F388E1B8269BDD0800EA8B9D /* Base */ = {isa = PBXFileReference; lastKnownFileType = sourcecode.swift; name = Base; path = Base.lproj/AppDelegate.swift; sourceTree = "<group>"; };
		F388E1BA269BDD0800EA8B9D /* Base */ = {isa = PBXFileReference; lastKnownFileType = text.plist.xml; name = Base; path = Base.lproj/Info.plist; sourceTree = "<group>"; };
		F388E1BC269BDD0800EA8B9D /* Base */ = {isa = PBXFileReference; lastKnownFileType = sourcecode.swift; name = Base; path = Base.lproj/SceneDelegate.swift; sourceTree = "<group>"; };
/* End PBXFileReference section */

/* Begin PBXFrameworksBuildPhase section */
		F388E15D269BDB9D00EA8B9D /* Frameworks */ = {
			isa = PBXFrameworksBuildPhase;
			buildActionMask = 2147483647;
			files = (
			);
			runOnlyForDeploymentPostprocessing = 0;
		};
		F388E173269BDB9E00EA8B9D /* Frameworks */ = {
			isa = PBXFrameworksBuildPhase;
			buildActionMask = 2147483647;
			files = (
			);
			runOnlyForDeploymentPostprocessing = 0;
		};
		F388E17E269BDB9E00EA8B9D /* Frameworks */ = {
			isa = PBXFrameworksBuildPhase;
			buildActionMask = 2147483647;
			files = (
			);
			runOnlyForDeploymentPostprocessing = 0;
		};
/* End PBXFrameworksBuildPhase section */

/* Begin PBXGroup section */
		F388E157269BDB9D00EA8B9D = {
			isa = PBXGroup;
			children = (
				F388E1AE269BDD0800EA8B9D /* MultipleProductsSPMExample */,
				F388E179269BDB9E00EA8B9D /* MultipleProductsSPMExampleTests */,
				F388E184269BDB9E00EA8B9D /* MultipleProductsSPMExampleUITests */,
				F388E161269BDB9D00EA8B9D /* Products */,
			);
			sourceTree = "<group>";
		};
		F388E161269BDB9D00EA8B9D /* Products */ = {
			isa = PBXGroup;
			children = (
				F388E160269BDB9D00EA8B9D /* MultipleProductsSPMExample.app */,
				F388E176269BDB9E00EA8B9D /* MultipleProductsSPMExampleTests.xctest */,
				F388E181269BDB9E00EA8B9D /* MultipleProductsSPMExampleUITests.xctest */,
			);
			name = Products;
			sourceTree = "<group>";
		};
		F388E179269BDB9E00EA8B9D /* MultipleProductsSPMExampleTests */ = {
			isa = PBXGroup;
			children = (
				F388E17A269BDB9E00EA8B9D /* MultipleProductsSPMExampleTests.swift */,
				F388E17C269BDB9E00EA8B9D /* Info.plist */,
			);
			name = MultipleProductsSPMExampleTests;
			path = OtherProduct/Tests/MultipleProductsSPMExampleTests;
			sourceTree = "<group>";
		};
		F388E184269BDB9E00EA8B9D /* MultipleProductsSPMExampleUITests */ = {
			isa = PBXGroup;
			children = (
				F388E185269BDB9E00EA8B9D /* MultipleProductsSPMExampleUITests.swift */,
				F388E187269BDB9E00EA8B9D /* Info.plist */,
			);
			name = MultipleProductsSPMExampleUITests;
			path = OtherProduct/Tests/MultipleProductsSPMExampleUITests;
			sourceTree = "<group>";
		};
		F388E1AE269BDD0800EA8B9D /* MultipleProductsSPMExample */ = {
			isa = PBXGroup;
			children = (
				F388E1AF269BDD0800EA8B9D /* ViewController.swift */,
				F388E1B1269BDD0800EA8B9D /* LaunchScreen.storyboard */,
				F388E1B3269BDD0800EA8B9D /* Assets.xcassets */,
				F388E1B5269BDD0800EA8B9D /* Main.storyboard */,
				F388E1B7269BDD0800EA8B9D /* AppDelegate.swift */,
				F388E1B9269BDD0800EA8B9D /* Info.plist */,
				F388E1BB269BDD0800EA8B9D /* SceneDelegate.swift */,
			);
			name = MultipleProductsSPMExample;
			path = OtherProduct/Sources/MultipleProductsSPMExample;
			sourceTree = "<group>";
		};
/* End PBXGroup section */

/* Begin PBXNativeTarget section */
		F388E15F269BDB9D00EA8B9D /* MultipleProductsSPMExample */ = {
			isa = PBXNativeTarget;
			buildConfigurationList = F388E18A269BDB9E00EA8B9D /* Build configuration list for PBXNativeTarget "MultipleProductsSPMExample" */;
			buildPhases = (
				F388E15C269BDB9D00EA8B9D /* Sources */,
				F388E15D269BDB9D00EA8B9D /* Frameworks */,
				F388E15E269BDB9D00EA8B9D /* Resources */,
			);
			buildRules = (
			);
			dependencies = (
			);
			name = MultipleProductsSPMExample;
			productName = MultipleProductsSPMExample;
			productReference = F388E160269BDB9D00EA8B9D /* MultipleProductsSPMExample.app */;
			productType = "com.apple.product-type.application";
		};
		F388E175269BDB9E00EA8B9D /* MultipleProductsSPMExampleTests */ = {
			isa = PBXNativeTarget;
			buildConfigurationList = F388E18D269BDB9E00EA8B9D /* Build configuration list for PBXNativeTarget "MultipleProductsSPMExampleTests" */;
			buildPhases = (
				F388E172269BDB9E00EA8B9D /* Sources */,
				F388E173269BDB9E00EA8B9D /* Frameworks */,
				F388E174269BDB9E00EA8B9D /* Resources */,
			);
			buildRules = (
			);
			dependencies = (
				F388E178269BDB9E00EA8B9D /* PBXTargetDependency */,
			);
			name = MultipleProductsSPMExampleTests;
			productName = MultipleProductsSPMExampleTests;
			productReference = F388E176269BDB9E00EA8B9D /* MultipleProductsSPMExampleTests.xctest */;
			productType = "com.apple.product-type.bundle.unit-test";
		};
		F388E180269BDB9E00EA8B9D /* MultipleProductsSPMExampleUITests */ = {
			isa = PBXNativeTarget;
			buildConfigurationList = F388E190269BDB9E00EA8B9D /* Build configuration list for PBXNativeTarget "MultipleProductsSPMExampleUITests" */;
			buildPhases = (
				F388E17D269BDB9E00EA8B9D /* Sources */,
				F388E17E269BDB9E00EA8B9D /* Frameworks */,
				F388E17F269BDB9E00EA8B9D /* Resources */,
			);
			buildRules = (
			);
			dependencies = (
				F388E183269BDB9E00EA8B9D /* PBXTargetDependency */,
			);
			name = MultipleProductsSPMExampleUITests;
			productName = MultipleProductsSPMExampleUITests;
			productReference = F388E181269BDB9E00EA8B9D /* MultipleProductsSPMExampleUITests.xctest */;
			productType = "com.apple.product-type.bundle.ui-testing";
		};
/* End PBXNativeTarget section */

/* Begin PBXProject section */
		F388E158269BDB9D00EA8B9D /* Project object */ = {
			isa = PBXProject;
			attributes = {
				LastSwiftUpdateCheck = 1250;
				LastUpgradeCheck = 1250;
				TargetAttributes = {
					F388E15F269BDB9D00EA8B9D = {
						CreatedOnToolsVersion = 12.5;
					};
					F388E175269BDB9E00EA8B9D = {
						CreatedOnToolsVersion = 12.5;
						TestTargetID = F388E15F269BDB9D00EA8B9D;
					};
					F388E180269BDB9E00EA8B9D = {
						CreatedOnToolsVersion = 12.5;
						TestTargetID = F388E15F269BDB9D00EA8B9D;
					};
				};
			};
			buildConfigurationList = F388E15B269BDB9D00EA8B9D /* Build configuration list for PBXProject "MultipleProductsSPMExample" */;
			compatibilityVersion = "Xcode 9.3";
			developmentRegion = en;
			hasScannedForEncodings = 0;
			knownRegions = (
				en,
				Base,
			);
			mainGroup = F388E157269BDB9D00EA8B9D;
			productRefGroup = F388E161269BDB9D00EA8B9D /* Products */;
			projectDirPath = "";
			projectRoot = "";
			targets = (
				F388E15F269BDB9D00EA8B9D /* MultipleProductsSPMExample */,
				F388E175269BDB9E00EA8B9D /* MultipleProductsSPMExampleTests */,
				F388E180269BDB9E00EA8B9D /* MultipleProductsSPMExampleUITests */,
			);
		};
/* End PBXProject section */

/* Begin PBXResourcesBuildPhase section */
		F388E15E269BDB9D00EA8B9D /* Resources */ = {
			isa = PBXResourcesBuildPhase;
			buildActionMask = 2147483647;
			files = (
				F388E1C2269BDD0800EA8B9D /* Info.plist in Resources */,
				F388E1C0269BDD0800EA8B9D /* Main.storyboard in Resources */,
				F388E1BF269BDD0800EA8B9D /* Assets.xcassets in Resources */,
				F388E1BE269BDD0800EA8B9D /* LaunchScreen.storyboard in Resources */,
			);
			runOnlyForDeploymentPostprocessing = 0;
		};
		F388E174269BDB9E00EA8B9D /* Resources */ = {
			isa = PBXResourcesBuildPhase;
			buildActionMask = 2147483647;
			files = (
			);
			runOnlyForDeploymentPostprocessing = 0;
		};
		F388E17F269BDB9E00EA8B9D /* Resources */ = {
			isa = PBXResourcesBuildPhase;
			buildActionMask = 2147483647;
			files = (
			);
			runOnlyForDeploymentPostprocessing = 0;
		};
/* End PBXResourcesBuildPhase section */

/* Begin PBXSourcesBuildPhase section */
		F388E15C269BDB9D00EA8B9D /* Sources */ = {
			isa = PBXSourcesBuildPhase;
			buildActionMask = 2147483647;
			files = (
				F388E1C1269BDD0800EA8B9D /* AppDelegate.swift in Sources */,
				F388E1BD269BDD0800EA8B9D /* ViewController.swift in Sources */,
				F388E1C3269BDD0800EA8B9D /* SceneDelegate.swift in Sources */,
			);
			runOnlyForDeploymentPostprocessing = 0;
		};
		F388E172269BDB9E00EA8B9D /* Sources */ = {
			isa = PBXSourcesBuildPhase;
			buildActionMask = 2147483647;
			files = (
				F388E17B269BDB9E00EA8B9D /* MultipleProductsSPMExampleTests.swift in Sources */,
			);
			runOnlyForDeploymentPostprocessing = 0;
		};
		F388E17D269BDB9E00EA8B9D /* Sources */ = {
			isa = PBXSourcesBuildPhase;
			buildActionMask = 2147483647;
			files = (
				F388E186269BDB9E00EA8B9D /* MultipleProductsSPMExampleUITests.swift in Sources */,
			);
			runOnlyForDeploymentPostprocessing = 0;
		};
/* End PBXSourcesBuildPhase section */

/* Begin PBXTargetDependency section */
		F388E178269BDB9E00EA8B9D /* PBXTargetDependency */ = {
			isa = PBXTargetDependency;
			target = F388E15F269BDB9D00EA8B9D /* MultipleProductsSPMExample */;
			targetProxy = F388E177269BDB9E00EA8B9D /* PBXContainerItemProxy */;
		};
		F388E183269BDB9E00EA8B9D /* PBXTargetDependency */ = {
			isa = PBXTargetDependency;
			target = F388E15F269BDB9D00EA8B9D /* MultipleProductsSPMExample */;
			targetProxy = F388E182269BDB9E00EA8B9D /* PBXContainerItemProxy */;
		};
/* End PBXTargetDependency section */

/* Begin PBXVariantGroup section */
		F388E1AF269BDD0800EA8B9D /* ViewController.swift */ = {
			isa = PBXVariantGroup;
			children = (
				F388E1B0269BDD0800EA8B9D /* Base */,
			);
			name = ViewController.swift;
			sourceTree = "<group>";
		};
		F388E1B1269BDD0800EA8B9D /* LaunchScreen.storyboard */ = {
			isa = PBXVariantGroup;
			children = (
				F388E1B2269BDD0800EA8B9D /* Base */,
			);
			name = LaunchScreen.storyboard;
			sourceTree = "<group>";
		};
		F388E1B3269BDD0800EA8B9D /* Assets.xcassets */ = {
			isa = PBXVariantGroup;
			children = (
				F388E1B4269BDD0800EA8B9D /* Base */,
			);
			name = Assets.xcassets;
			sourceTree = "<group>";
		};
		F388E1B5269BDD0800EA8B9D /* Main.storyboard */ = {
			isa = PBXVariantGroup;
			children = (
				F388E1B6269BDD0800EA8B9D /* Base */,
			);
			name = Main.storyboard;
			sourceTree = "<group>";
		};
		F388E1B7269BDD0800EA8B9D /* AppDelegate.swift */ = {
			isa = PBXVariantGroup;
			children = (
				F388E1B8269BDD0800EA8B9D /* Base */,
			);
			name = AppDelegate.swift;
			sourceTree = "<group>";
		};
		F388E1B9269BDD0800EA8B9D /* Info.plist */ = {
			isa = PBXVariantGroup;
			children = (
				F388E1BA269BDD0800EA8B9D /* Base */,
			);
			name = Info.plist;
			sourceTree = "<group>";
		};
		F388E1BB269BDD0800EA8B9D /* SceneDelegate.swift */ = {
			isa = PBXVariantGroup;
			children = (
				F388E1BC269BDD0800EA8B9D /* Base */,
			);
			name = SceneDelegate.swift;
			sourceTree = "<group>";
		};
/* End PBXVariantGroup section */

/* Begin XCBuildConfiguration section */
		F388E188269BDB9E00EA8B9D /* Debug */ = {
			isa = XCBuildConfiguration;
			buildSettings = {
				ALWAYS_SEARCH_USER_PATHS = NO;
				CLANG_ANALYZER_NONNULL = YES;
				CLANG_ANALYZER_NUMBER_OBJECT_CONVERSION = YES_AGGRESSIVE;
				CLANG_CXX_LANGUAGE_STANDARD = "gnu++14";
				CLANG_CXX_LIBRARY = "libc++";
				CLANG_ENABLE_MODULES = YES;
				CLANG_ENABLE_OBJC_ARC = YES;
				CLANG_ENABLE_OBJC_WEAK = YES;
				CLANG_WARN_BLOCK_CAPTURE_AUTORELEASING = YES;
				CLANG_WARN_BOOL_CONVERSION = YES;
				CLANG_WARN_COMMA = YES;
				CLANG_WARN_CONSTANT_CONVERSION = YES;
				CLANG_WARN_DEPRECATED_OBJC_IMPLEMENTATIONS = YES;
				CLANG_WARN_DIRECT_OBJC_ISA_USAGE = YES_ERROR;
				CLANG_WARN_DOCUMENTATION_COMMENTS = YES;
				CLANG_WARN_EMPTY_BODY = YES;
				CLANG_WARN_ENUM_CONVERSION = YES;
				CLANG_WARN_INFINITE_RECURSION = YES;
				CLANG_WARN_INT_CONVERSION = YES;
				CLANG_WARN_NON_LITERAL_NULL_CONVERSION = YES;
				CLANG_WARN_OBJC_IMPLICIT_RETAIN_SELF = YES;
				CLANG_WARN_OBJC_LITERAL_CONVERSION = YES;
				CLANG_WARN_OBJC_ROOT_CLASS = YES_ERROR;
				CLANG_WARN_QUOTED_INCLUDE_IN_FRAMEWORK_HEADER = YES;
				CLANG_WARN_RANGE_LOOP_ANALYSIS = YES;
				CLANG_WARN_STRICT_PROTOTYPES = YES;
				CLANG_WARN_SUSPICIOUS_MOVE = YES;
				CLANG_WARN_UNGUARDED_AVAILABILITY = YES_AGGRESSIVE;
				CLANG_WARN_UNREACHABLE_CODE = YES;
				CLANG_WARN__DUPLICATE_METHOD_MATCH = YES;
				COPY_PHASE_STRIP = NO;
				DEBUG_INFORMATION_FORMAT = dwarf;
				ENABLE_STRICT_OBJC_MSGSEND = YES;
				ENABLE_TESTABILITY = YES;
				GCC_C_LANGUAGE_STANDARD = gnu11;
				GCC_DYNAMIC_NO_PIC = NO;
				GCC_NO_COMMON_BLOCKS = YES;
				GCC_OPTIMIZATION_LEVEL = 0;
				GCC_PREPROCESSOR_DEFINITIONS = (
					"DEBUG=1",
					"$(inherited)",
				);
				GCC_WARN_64_TO_32_BIT_CONVERSION = YES;
				GCC_WARN_ABOUT_RETURN_TYPE = YES_ERROR;
				GCC_WARN_UNDECLARED_SELECTOR = YES;
				GCC_WARN_UNINITIALIZED_AUTOS = YES_AGGRESSIVE;
				GCC_WARN_UNUSED_FUNCTION = YES;
				GCC_WARN_UNUSED_VARIABLE = YES;
				IPHONEOS_DEPLOYMENT_TARGET = 14.5;
				MTL_ENABLE_DEBUG_INFO = INCLUDE_SOURCE;
				MTL_FAST_MATH = YES;
				ONLY_ACTIVE_ARCH = YES;
				SDKROOT = iphoneos;
				SWIFT_ACTIVE_COMPILATION_CONDITIONS = DEBUG;
				SWIFT_OPTIMIZATION_LEVEL = "-Onone";
			};
			name = Debug;
		};
		F388E189269BDB9E00EA8B9D /* Release */ = {
			isa = XCBuildConfiguration;
			buildSettings = {
				ALWAYS_SEARCH_USER_PATHS = NO;
				CLANG_ANALYZER_NONNULL = YES;
				CLANG_ANALYZER_NUMBER_OBJECT_CONVERSION = YES_AGGRESSIVE;
				CLANG_CXX_LANGUAGE_STANDARD = "gnu++14";
				CLANG_CXX_LIBRARY = "libc++";
				CLANG_ENABLE_MODULES = YES;
				CLANG_ENABLE_OBJC_ARC = YES;
				CLANG_ENABLE_OBJC_WEAK = YES;
				CLANG_WARN_BLOCK_CAPTURE_AUTORELEASING = YES;
				CLANG_WARN_BOOL_CONVERSION = YES;
				CLANG_WARN_COMMA = YES;
				CLANG_WARN_CONSTANT_CONVERSION = YES;
				CLANG_WARN_DEPRECATED_OBJC_IMPLEMENTATIONS = YES;
				CLANG_WARN_DIRECT_OBJC_ISA_USAGE = YES_ERROR;
				CLANG_WARN_DOCUMENTATION_COMMENTS = YES;
				CLANG_WARN_EMPTY_BODY = YES;
				CLANG_WARN_ENUM_CONVERSION = YES;
				CLANG_WARN_INFINITE_RECURSION = YES;
				CLANG_WARN_INT_CONVERSION = YES;
				CLANG_WARN_NON_LITERAL_NULL_CONVERSION = YES;
				CLANG_WARN_OBJC_IMPLICIT_RETAIN_SELF = YES;
				CLANG_WARN_OBJC_LITERAL_CONVERSION = YES;
				CLANG_WARN_OBJC_ROOT_CLASS = YES_ERROR;
				CLANG_WARN_QUOTED_INCLUDE_IN_FRAMEWORK_HEADER = YES;
				CLANG_WARN_RANGE_LOOP_ANALYSIS = YES;
				CLANG_WARN_STRICT_PROTOTYPES = YES;
				CLANG_WARN_SUSPICIOUS_MOVE = YES;
				CLANG_WARN_UNGUARDED_AVAILABILITY = YES_AGGRESSIVE;
				CLANG_WARN_UNREACHABLE_CODE = YES;
				CLANG_WARN__DUPLICATE_METHOD_MATCH = YES;
				COPY_PHASE_STRIP = NO;
				DEBUG_INFORMATION_FORMAT = "dwarf-with-dsym";
				ENABLE_NS_ASSERTIONS = NO;
				ENABLE_STRICT_OBJC_MSGSEND = YES;
				GCC_C_LANGUAGE_STANDARD = gnu11;
				GCC_NO_COMMON_BLOCKS = YES;
				GCC_WARN_64_TO_32_BIT_CONVERSION = YES;
				GCC_WARN_ABOUT_RETURN_TYPE = YES_ERROR;
				GCC_WARN_UNDECLARED_SELECTOR = YES;
				GCC_WARN_UNINITIALIZED_AUTOS = YES_AGGRESSIVE;
				GCC_WARN_UNUSED_FUNCTION = YES;
				GCC_WARN_UNUSED_VARIABLE = YES;
				IPHONEOS_DEPLOYMENT_TARGET = 14.5;
				MTL_ENABLE_DEBUG_INFO = NO;
				MTL_FAST_MATH = YES;
				SDKROOT = iphoneos;
				SWIFT_COMPILATION_MODE = wholemodule;
				SWIFT_OPTIMIZATION_LEVEL = "-O";
				VALIDATE_PRODUCT = YES;
			};
			name = Release;
		};
		F388E18B269BDB9E00EA8B9D /* Debug */ = {
			isa = XCBuildConfiguration;
			buildSettings = {
				ASSETCATALOG_COMPILER_APPICON_NAME = AppIcon;
				ASSETCATALOG_COMPILER_GLOBAL_ACCENT_COLOR_NAME = AccentColor;
				CODE_SIGN_STYLE = Automatic;
				DEVELOPMENT_TEAM = Y28TH9SHX7;
				INFOPLIST_FILE = "$(SRCROOT)/Sources/MultipleProductsSPMExample/Info.plist";
				LD_RUNPATH_SEARCH_PATHS = (
					"$(inherited)",
					"@executable_path/Frameworks",
				);
				PRODUCT_BUNDLE_IDENTIFIER = com.stripe.MultipleProductsSPMExample;
				PRODUCT_NAME = "$(TARGET_NAME)";
				SWIFT_VERSION = 5.0;
				TARGETED_DEVICE_FAMILY = "1,2";
			};
			name = Debug;
		};
		F388E18C269BDB9E00EA8B9D /* Release */ = {
			isa = XCBuildConfiguration;
			buildSettings = {
				ASSETCATALOG_COMPILER_APPICON_NAME = AppIcon;
				ASSETCATALOG_COMPILER_GLOBAL_ACCENT_COLOR_NAME = AccentColor;
				CODE_SIGN_STYLE = Automatic;
				DEVELOPMENT_TEAM = Y28TH9SHX7;
				INFOPLIST_FILE = "$(SRCROOT)/Sources/MultipleProductsSPMExample/Info.plist";
				LD_RUNPATH_SEARCH_PATHS = (
					"$(inherited)",
					"@executable_path/Frameworks",
				);
				PRODUCT_BUNDLE_IDENTIFIER = com.stripe.MultipleProductsSPMExample;
				PRODUCT_NAME = "$(TARGET_NAME)";
				SWIFT_VERSION = 5.0;
				TARGETED_DEVICE_FAMILY = "1,2";
			};
			name = Release;
		};
		F388E18E269BDB9E00EA8B9D /* Debug */ = {
			isa = XCBuildConfiguration;
			buildSettings = {
				BUNDLE_LOADER = "$(TEST_HOST)";
				CODE_SIGN_STYLE = Automatic;
				DEVELOPMENT_TEAM = Y28TH9SHX7;
				INFOPLIST_FILE = MultipleProductsSPMExampleTests/Info.plist;
				IPHONEOS_DEPLOYMENT_TARGET = 14.5;
				LD_RUNPATH_SEARCH_PATHS = (
					"$(inherited)",
					"@executable_path/Frameworks",
					"@loader_path/Frameworks",
				);
				PRODUCT_BUNDLE_IDENTIFIER = com.stripe.MultipleProductsSPMExampleTests;
				PRODUCT_NAME = "$(TARGET_NAME)";
				SWIFT_VERSION = 5.0;
				TARGETED_DEVICE_FAMILY = "1,2";
				TEST_HOST = "$(BUILT_PRODUCTS_DIR)/MultipleProductsSPMExample.app/MultipleProductsSPMExample";
			};
			name = Debug;
		};
		F388E18F269BDB9E00EA8B9D /* Release */ = {
			isa = XCBuildConfiguration;
			buildSettings = {
				BUNDLE_LOADER = "$(TEST_HOST)";
				CODE_SIGN_STYLE = Automatic;
				DEVELOPMENT_TEAM = Y28TH9SHX7;
				INFOPLIST_FILE = MultipleProductsSPMExampleTests/Info.plist;
				IPHONEOS_DEPLOYMENT_TARGET = 14.5;
				LD_RUNPATH_SEARCH_PATHS = (
					"$(inherited)",
					"@executable_path/Frameworks",
					"@loader_path/Frameworks",
				);
				PRODUCT_BUNDLE_IDENTIFIER = com.stripe.MultipleProductsSPMExampleTests;
				PRODUCT_NAME = "$(TARGET_NAME)";
				SWIFT_VERSION = 5.0;
				TARGETED_DEVICE_FAMILY = "1,2";
				TEST_HOST = "$(BUILT_PRODUCTS_DIR)/MultipleProductsSPMExample.app/MultipleProductsSPMExample";
			};
			name = Release;
		};
		F388E191269BDB9E00EA8B9D /* Debug */ = {
			isa = XCBuildConfiguration;
			buildSettings = {
				CODE_SIGN_STYLE = Automatic;
				DEVELOPMENT_TEAM = Y28TH9SHX7;
				INFOPLIST_FILE = MultipleProductsSPMExampleUITests/Info.plist;
				LD_RUNPATH_SEARCH_PATHS = (
					"$(inherited)",
					"@executable_path/Frameworks",
					"@loader_path/Frameworks",
				);
				PRODUCT_BUNDLE_IDENTIFIER = com.stripe.MultipleProductsSPMExampleUITests;
				PRODUCT_NAME = "$(TARGET_NAME)";
				SWIFT_VERSION = 5.0;
				TARGETED_DEVICE_FAMILY = "1,2";
				TEST_TARGET_NAME = MultipleProductsSPMExample;
			};
			name = Debug;
		};
		F388E192269BDB9E00EA8B9D /* Release */ = {
			isa = XCBuildConfiguration;
			buildSettings = {
				CODE_SIGN_STYLE = Automatic;
				DEVELOPMENT_TEAM = Y28TH9SHX7;
				INFOPLIST_FILE = MultipleProductsSPMExampleUITests/Info.plist;
				LD_RUNPATH_SEARCH_PATHS = (
					"$(inherited)",
					"@executable_path/Frameworks",
					"@loader_path/Frameworks",
				);
				PRODUCT_BUNDLE_IDENTIFIER = com.stripe.MultipleProductsSPMExampleUITests;
				PRODUCT_NAME = "$(TARGET_NAME)";
				SWIFT_VERSION = 5.0;
				TARGETED_DEVICE_FAMILY = "1,2";
				TEST_TARGET_NAME = MultipleProductsSPMExample;
			};
			name = Release;
		};
/* End XCBuildConfiguration section */

/* Begin XCConfigurationList section */
		F388E15B269BDB9D00EA8B9D /* Build configuration list for PBXProject "MultipleProductsSPMExample" */ = {
			isa = XCConfigurationList;
			buildConfigurations = (
				F388E188269BDB9E00EA8B9D /* Debug */,
				F388E189269BDB9E00EA8B9D /* Release */,
			);
			defaultConfigurationIsVisible = 0;
			defaultConfigurationName = Release;
		};
		F388E18A269BDB9E00EA8B9D /* Build configuration list for PBXNativeTarget "MultipleProductsSPMExample" */ = {
			isa = XCConfigurationList;
			buildConfigurations = (
				F388E18B269BDB9E00EA8B9D /* Debug */,
				F388E18C269BDB9E00EA8B9D /* Release */,
			);
			defaultConfigurationIsVisible = 0;
			defaultConfigurationName = Release;
		};
		F388E18D269BDB9E00EA8B9D /* Build configuration list for PBXNativeTarget "MultipleProductsSPMExampleTests" */ = {
			isa = XCConfigurationList;
			buildConfigurations = (
				F388E18E269BDB9E00EA8B9D /* Debug */,
				F388E18F269BDB9E00EA8B9D /* Release */,
			);
			defaultConfigurationIsVisible = 0;
			defaultConfigurationName = Release;
		};
		F388E190269BDB9E00EA8B9D /* Build configuration list for PBXNativeTarget "MultipleProductsSPMExampleUITests" */ = {
			isa = XCConfigurationList;
			buildConfigurations = (
				F388E191269BDB9E00EA8B9D /* Debug */,
				F388E192269BDB9E00EA8B9D /* Release */,
			);
			defaultConfigurationIsVisible = 0;
			defaultConfigurationName = Release;
		};
/* End XCConfigurationList section */
	};
	rootObject = F388E158269BDB9D00EA8B9D /* Project object */;
}
